
Microsoft Visual Studio Solution File, Format Version 12.00
# Visual Studio 15
VisualStudioVersion = 15.0.27428.2027
MinimumVisualStudioVersion = 10.0.40219.1
Project("{262852C6-CD72-467D-83FE-5EEB1973A190}") = "my_bus_located", "my_bus_located\my_bus_located.jsproj", "{94346B02-89DE-4A84-862F-C8B916603583}"
EndProject
Global
	GlobalSection(SolutionConfigurationPlatforms) = preSolution
		Debug|Android = Debug|Android
		Debug|iOS = Debug|iOS
		Debug|Windows-ARM = Debug|Windows-ARM
		Debug|Windows-x64 = Debug|Windows-x64
		Debug|Windows-x86 = Debug|Windows-x86
		Release|Android = Release|Android
		Release|iOS = Release|iOS
		Release|Windows-ARM = Release|Windows-ARM
		Release|Windows-x64 = Release|Windows-x64
		Release|Windows-x86 = Release|Windows-x86
	EndGlobalSection
	GlobalSection(ProjectConfigurationPlatforms) = postSolution
		{94346B02-89DE-4A84-862F-C8B916603583}.Debug|Android.ActiveCfg = Debug|Android
		{94346B02-89DE-4A84-862F-C8B916603583}.Debug|Android.Build.0 = Debug|Android
		{94346B02-89DE-4A84-862F-C8B916603583}.Debug|Android.Deploy.0 = Debug|Android
		{94346B02-89DE-4A84-862F-C8B916603583}.Debug|iOS.ActiveCfg = Debug|iOS
		{94346B02-89DE-4A84-862F-C8B916603583}.Debug|iOS.Build.0 = Debug|iOS
		{94346B02-89DE-4A84-862F-C8B916603583}.Debug|iOS.Deploy.0 = Debug|iOS
		{94346B02-89DE-4A84-862F-C8B916603583}.Debug|Windows-ARM.ActiveCfg = Debug|Windows-ARM
		{94346B02-89DE-4A84-862F-C8B916603583}.Debug|Windows-ARM.Build.0 = Debug|Windows-ARM
		{94346B02-89DE-4A84-862F-C8B916603583}.Debug|Windows-ARM.Deploy.0 = Debug|Windows-ARM
		{94346B02-89DE-4A84-862F-C8B916603583}.Debug|Windows-x64.ActiveCfg = Debug|Windows-x64
		{94346B02-89DE-4A84-862F-C8B916603583}.Debug|Windows-x64.Build.0 = Debug|Windows-x64
		{94346B02-89DE-4A84-862F-C8B916603583}.Debug|Windows-x64.Deploy.0 = Debug|Windows-x64
		{94346B02-89DE-4A84-862F-C8B916603583}.Debug|Windows-x86.ActiveCfg = Debug|Windows-x86
		{94346B02-89DE-4A84-862F-C8B916603583}.Debug|Windows-x86.Build.0 = Debug|Windows-x86
		{94346B02-89DE-4A84-862F-C8B916603583}.Debug|Windows-x86.Deploy.0 = Debug|Windows-x86
		{94346B02-89DE-4A84-862F-C8B916603583}.Release|Android.ActiveCfg = Release|Android
		{94346B02-89DE-4A84-862F-C8B916603583}.Release|Android.Build.0 = Release|Android
		{94346B02-89DE-4A84-862F-C8B916603583}.Release|Android.Deploy.0 = Release|Android
		{94346B02-89DE-4A84-862F-C8B916603583}.Release|iOS.ActiveCfg = Release|iOS
		{94346B02-89DE-4A84-862F-C8B916603583}.Release|iOS.Build.0 = Release|iOS
		{94346B02-89DE-4A84-862F-C8B916603583}.Release|iOS.Deploy.0 = Release|iOS
		{94346B02-89DE-4A84-862F-C8B916603583}.Release|Windows-ARM.ActiveCfg = Release|Windows-ARM
		{94346B02-89DE-4A84-862F-C8B916603583}.Release|Windows-ARM.Build.0 = Release|Windows-ARM
		{94346B02-89DE-4A84-862F-C8B916603583}.Release|Windows-ARM.Deploy.0 = Release|Windows-ARM
		{94346B02-89DE-4A84-862F-C8B916603583}.Release|Windows-x64.ActiveCfg = Release|Windows-x64
		{94346B02-89DE-4A84-862F-C8B916603583}.Release|Windows-x64.Build.0 = Release|Windows-x64
		{94346B02-89DE-4A84-862F-C8B916603583}.Release|Windows-x64.Deploy.0 = Release|Windows-x64
		{94346B02-89DE-4A84-862F-C8B916603583}.Release|Windows-x86.ActiveCfg = Release|Windows-x86
		{94346B02-89DE-4A84-862F-C8B916603583}.Release|Windows-x86.Build.0 = Release|Windows-x86
		{94346B02-89DE-4A84-862F-C8B916603583}.Release|Windows-x86.Deploy.0 = Release|Windows-x86
	EndGlobalSection
	GlobalSection(SolutionProperties) = preSolution
		HideSolutionNode = FALSE
	EndGlobalSection
	GlobalSection(ExtensibilityGlobals) = postSolution
		SolutionGuid = {3965B7A0-105F-4EE7-81B2-2AD6264203A3}
	EndGlobalSection
EndGlobal
